<?xml version="1.0" encoding="utf-8"?>
<Project ToolsVersion="4.0" xmlns="http://schemas.microsoft.com/developer/msbuild/2003">
  <ItemGroup>
    <Filter Include="Sources">
      <UniqueIdentifier>{4FC737F1-C7A5-4376-A066-2A32D752A2FF}</UniqueIdentifier>
      <Extensions>cpp;c;cc;cxx;c++;cppm;ixx;def;odl;idl;hpj;bat;asm;asmx</Extensions>
    </Filter>
    <Filter Include="Sources\Interface">
      <UniqueIdentifier>{ee14e55c-2d9f-4960-bae2-981bcff4aebd}</UniqueIdentifier>
    </Filter>
    <Filter Include="Sources\GameObjects">
      <UniqueIdentifier>{9f74a293-87dd-44c9-8b7a-e219a367bc85}</UniqueIdentifier>
    </Filter>
    <Filter Include="Sources\GameMath">
      <UniqueIdentifier>{3b3402e7-aeaa-40cd-8751-d8d5f3cd1182}</UniqueIdentifier>
    </Filter>
    <Filter Include="Sources\GameResouces">
      <UniqueIdentifier>{82685ac4-48ae-4ca4-9136-ee65e5e6681d}</UniqueIdentifier>
    </Filter>
  </ItemGroup>
  <ItemGroup>
    <ClCompile Include="GameMain.cpp">
      <Filter>Sources</Filter>
    </ClCompile>
    <ClCompile Include="Game.cpp">
      <Filter>Sources</Filter>
    </ClCompile>
    <ClCompile Include="KeyBindings.cpp">
      <Filter>Sources</Filter>
    </ClCompile>
    <ClCompile Include="Application.cpp">
      <Filter>Sources</Filter>
    </ClCompile>
    <ClCompile Include="UIConstructor.cpp">
      <Filter>Sources\Interface</Filter>
    </ClCompile>
    <ClCompile Include="UIEnterName.cpp">
      <Filter>Sources\Interface</Filter>
    </ClCompile>
    <ClCompile Include="UIMainMenu.cpp">
      <Filter>Sources\Interface</Filter>
    </ClCompile>
    <ClCompile Include="UIManager.cpp">
      <Filter>Sources\Interface</Filter>
    </ClCompile>
    <ClCompile Include="UIMath.cpp">
      <Filter>Sources\Interface</Filter>
    </ClCompile>
    <ClCompile Include="UIPopUpEnterName.cpp">
      <Filter>Sources\Interface</Filter>
    </ClCompile>
    <ClCompile Include="UIScore.cpp">
      <Filter>Sources\Interface</Filter>
    </ClCompile>
    <ClCompile Include="UISettings.cpp">
      <Filter>Sources\Interface</Filter>
    </ClCompile>
    <ClCompile Include="SpriteObject.cpp">
      <Filter>Sources\GameObjects</Filter>
    </ClCompile>
    <ClCompile Include="VectorMain.cpp">
      <Filter>Sources\GameMath</Filter>
    </ClCompile>
    <ClCompile Include="GameMath.cpp">
      <Filter>Sources\GameMath</Filter>
    </ClCompile>
    <ClCompile Include="Resources.cpp">
      <Filter>Sources\GameResouces</Filter>
    </ClCompile>
  </ItemGroup>
  <ItemGroup>
    <ClInclude Include="Game.h">
      <Filter>Sources</Filter>
    </ClInclude>
    <ClInclude Include="KeyBindings.h">
      <Filter>Sources</Filter>
    </ClInclude>
    <ClInclude Include="Application.h">
      <Filter>Sources</Filter>
    </ClInclude>
    <ClInclude Include="UIConstructor.h">
      <Filter>Sources\Interface</Filter>
    </ClInclude>
    <ClInclude Include="UIEnterName.h">
      <Filter>Sources\Interface</Filter>
    </ClInclude>
    <ClInclude Include="UIMainMenu.h">
      <Filter>Sources\Interface</Filter>
    </ClInclude>
    <ClInclude Include="UIManager.h">
      <Filter>Sources\Interface</Filter>
    </ClInclude>
    <ClInclude Include="UIMath.h">
      <Filter>Sources\Interface</Filter>
    </ClInclude>
    <ClInclude Include="UIPopUpEnterName.h">
      <Filter>Sources\Interface</Filter>
    </ClInclude>
    <ClInclude Include="UIScore.h">
      <Filter>Sources\Interface</Filter>
    </ClInclude>
    <ClInclude Include="UISettings.h">
      <Filter>Sources\Interface</Filter>
    </ClInclude>
    <ClInclude Include="GameObject.h">
      <Filter>Sources\GameObjects</Filter>
    </ClInclude>
    <ClInclude Include="SpriteObject.h">
      <Filter>Sources\GameObjects</Filter>
    </ClInclude>
    <ClInclude Include="VectorMain.h">
      <Filter>Sources\GameMath</Filter>
    </ClInclude>
    <ClInclude Include="GameMath.h">
      <Filter>Sources\GameMath</Filter>
    </ClInclude>
    <ClInclude Include="Constants.h">
      <Filter>Sources\GameResouces</Filter>
    </ClInclude>
    <ClInclude Include="Resources.h">
      <Filter>Sources\GameResouces</Filter>
    </ClInclude>
    <ClInclude Include="GameSettings.h">
      <Filter>Sources</Filter>
    </ClInclude>
  </ItemGroup>
</Project>